
Microsoft Visual Studio Solution File, Format Version 12.00
# Visual Studio 15
VisualStudioVersion = 15.0.26730.16
MinimumVisualStudioVersion = 10.0.40219.1
Project("{FAE04EC0-301F-11D3-BF4B-00C04F79EFBC}") = "DotNetCore20Config", "DotNetCore20Config.csproj", "{03AF13DD-F697-4C2C-8CFD-5DEDD48E381A}"
EndProject
Global
	GlobalSection(SolutionConfigurationPlatforms) = preSolution
		Debug|Any CPU = Debug|Any CPU
		Release|Any CPU = Release|Any CPU
	EndGlobalSection
	GlobalSection(ProjectConfigurationPlatforms) = postSolution
		{03AF13DD-F697-4C2C-8CFD-5DEDD48E381A}.Debug|Any CPU.ActiveCfg = Debug|Any CPU
		{03AF13DD-F697-4C2C-8CFD-5DEDD48E381A}.Debug|Any CPU.Build.0 = Debug|Any CPU
		{03AF13DD-F697-4C2C-8CFD-5DEDD48E381A}.Release|Any CPU.ActiveCfg = Release|Any CPU
		{03AF13DD-F697-4C2C-8CFD-5DEDD48E381A}.Release|Any CPU.Build.0 = Release|Any CPU
	EndGlobalSection
	GlobalSection(SolutionProperties) = preSolution
		HideSolutionNode = FALSE
	EndGlobalSection
	GlobalSection(ExtensibilityGlobals) = postSolution
		SolutionGuid = {5FF3B19C-D836-4253-930F-E6C64C3D8F79}
	EndGlobalSection
EndGlobal
